// !$*UTF8*$!
{
	archiveVersion = 1;
	classes = {
	};
	objectVersion = 46;
	objects = {

/* Begin PBXBuildFile section */
		98F6B6071F78128400E62775 /* sim.cpp in Sources */ = {isa = PBXBuildFile; fileRef = 98F6B6061F78128400E62775 /* sim.cpp */; };
/* End PBXBuildFile section */

/* Begin PBXCopyFilesBuildPhase section */
		98F6B5FA1F78119600E62775 /* CopyFiles */ = {
			isa = PBXCopyFilesBuildPhase;
			buildActionMask = 2147483647;
			dstPath = /usr/share/man/man1/;
			dstSubfolderSpec = 0;
			files = (
			);
			runOnlyForDeploymentPostprocessing = 1;
		};
/* End PBXCopyFilesBuildPhase section */

/* Begin PBXFileReference section */
		985734E11F792826003A313E /* log-divzero.txt */ = {isa = PBXFileReference; fileEncoding = 4; lastKnownFileType = text; path = "log-divzero.txt"; sourceTree = "<group>"; };
		985734E21F792826003A313E /* log-illDataAddr.txt */ = {isa = PBXFileReference; fileEncoding = 4; lastKnownFileType = text; path = "log-illDataAddr.txt"; sourceTree = "<group>"; };
		985734E31F792826003A313E /* log-illInst.txt */ = {isa = PBXFileReference; fileEncoding = 4; lastKnownFileType = text; path = "log-illInst.txt"; sourceTree = "<group>"; };
		985734E41F792826003A313E /* log-illInstAddr.txt */ = {isa = PBXFileReference; fileEncoding = 4; lastKnownFileType = text; path = "log-illInstAddr.txt"; sourceTree = "<group>"; };
		985734E51F792826003A313E /* log-illInstAddr2.txt */ = {isa = PBXFileReference; fileEncoding = 4; lastKnownFileType = text; path = "log-illInstAddr2.txt"; sourceTree = "<group>"; };
		985734E61F792826003A313E /* sum-exceptions.obj */ = {isa = PBXFileReference; explicitFileType = text; fileEncoding = 4; path = "sum-exceptions.obj"; sourceTree = "<group>"; };
		98F6B5FC1F78119600E62775 /* MIPS Simulator */ = {isa = PBXFileReference; explicitFileType = "compiled.mach-o.executable"; includeInIndex = 0; path = "MIPS Simulator"; sourceTree = BUILT_PRODUCTS_DIR; };
		98F6B6061F78128400E62775 /* sim.cpp */ = {isa = PBXFileReference; fileEncoding = 4; lastKnownFileType = sourcecode.cpp.cpp; path = sim.cpp; sourceTree = "<group>"; };
		98F6B6081F78689300E62775 /* sum.asm */ = {isa = PBXFileReference; lastKnownFileType = sourcecode.asm.asm; path = sum.asm; sourceTree = "<group>"; };
		98F6B60B1F7868C400E62775 /* sum.obj */ = {isa = PBXFileReference; explicitFileType = text; fileEncoding = 4; path = sum.obj; sourceTree = "<group>"; };
		98F6B60C1F78964900E62775 /* log.txt */ = {isa = PBXFileReference; fileEncoding = 4; lastKnownFileType = text; path = log.txt; sourceTree = "<group>"; };
		FB80398E1F7A0A5F00D8402D /* log_test.txt */ = {isa = PBXFileReference; fileEncoding = 4; lastKnownFileType = text; path = log_test.txt; sourceTree = "<group>"; };
		FBFED9E71F7C60D00067CCB2 /* sum_long_andrew.obj */ = {isa = PBXFileReference; explicitFileType = text; fileEncoding = 4; path = sum_long_andrew.obj; sourceTree = "<group>"; };
/* End PBXFileReference section */

/* Begin PBXFrameworksBuildPhase section */
		98F6B5F91F78119600E62775 /* Frameworks */ = {
			isa = PBXFrameworksBuildPhase;
			buildActionMask = 2147483647;
			files = (
			);
			runOnlyForDeploymentPostprocessing = 0;
		};
/* End PBXFrameworksBuildPhase section */

/* Begin PBXGroup section */
		98F6B5F31F78119600E62775 = {
			isa = PBXGroup;
			children = (
				98F6B5FE1F78119600E62775 /* MIPS Simulator */,
				98F6B5FD1F78119600E62775 /* Products */,
			);
			sourceTree = "<group>";
		};
		98F6B5FD1F78119600E62775 /* Products */ = {
			isa = PBXGroup;
			children = (
				98F6B5FC1F78119600E62775 /* MIPS Simulator */,
			);
			name = Products;
			sourceTree = "<group>";
		};
		98F6B5FE1F78119600E62775 /* MIPS Simulator */ = {
			isa = PBXGroup;
			children = (
				FB80398E1F7A0A5F00D8402D /* log_test.txt */,
				985734E11F792826003A313E /* log-divzero.txt */,
				985734E21F792826003A313E /* log-illDataAddr.txt */,
				985734E31F792826003A313E /* log-illInst.txt */,
				985734E41F792826003A313E /* log-illInstAddr.txt */,
				985734E51F792826003A313E /* log-illInstAddr2.txt */,
				985734E61F792826003A313E /* sum-exceptions.obj */,
				98F6B60C1F78964900E62775 /* log.txt */,
				98F6B60B1F7868C400E62775 /* sum.obj */,
				98F6B6081F78689300E62775 /* sum.asm */,
				98F6B6061F78128400E62775 /* sim.cpp */,
				FBFED9E71F7C60D00067CCB2 /* sum_long_andrew.obj */,
			);
			path = "MIPS Simulator";
			sourceTree = "<group>";
		};
/* End PBXGroup section */

/* Begin PBXNativeTarget section */
		98F6B5FB1F78119600E62775 /* MIPS Simulator */ = {
			isa = PBXNativeTarget;
			buildConfigurationList = 98F6B6031F78119700E62775 /* Build configuration list for PBXNativeTarget "MIPS Simulator" */;
			buildPhases = (
				98F6B5F81F78119600E62775 /* Sources */,
				98F6B5F91F78119600E62775 /* Frameworks */,
				98F6B5FA1F78119600E62775 /* CopyFiles */,
			);
			buildRules = (
			);
			dependencies = (
			);
			name = "MIPS Simulator";
			productName = "MIPS Simulator";
			productReference = 98F6B5FC1F78119600E62775 /* MIPS Simulator */;
			productType = "com.apple.product-type.tool";
		};
/* End PBXNativeTarget section */

/* Begin PBXProject section */
		98F6B5F41F78119600E62775 /* Project object */ = {
			isa = PBXProject;
			attributes = {
				LastUpgradeCheck = 0900;
				ORGANIZATIONNAME = FSU;
				TargetAttributes = {
					98F6B5FB1F78119600E62775 = {
						CreatedOnToolsVersion = 8.1;
						ProvisioningStyle = Automatic;
					};
				};
			};
			buildConfigurationList = 98F6B5F71F78119600E62775 /* Build configuration list for PBXProject "MIPS Simulator" */;
			compatibilityVersion = "Xcode 3.2";
			developmentRegion = English;
			hasScannedForEncodings = 0;
			knownRegions = (
				en,
			);
			mainGroup = 98F6B5F31F78119600E62775;
			productRefGroup = 98F6B5FD1F78119600E62775 /* Products */;
			projectDirPath = "";
			projectRoot = "";
			targets = (
				98F6B5FB1F78119600E62775 /* MIPS Simulator */,
			);
		};
/* End PBXProject section */

/* Begin PBXSourcesBuildPhase section */
		98F6B5F81F78119600E62775 /* Sources */ = {
			isa = PBXSourcesBuildPhase;
			buildActionMask = 2147483647;
			files = (
				98F6B6071F78128400E62775 /* sim.cpp in Sources */,
			);
			runOnlyForDeploymentPostprocessing = 0;
		};
/* End PBXSourcesBuildPhase section */

/* Begin XCBuildConfiguration section */
		98F6B6011F78119700E62775 /* Debug */ = {
			isa = XCBuildConfiguration;
			buildSettings = {
				ALWAYS_SEARCH_USER_PATHS = NO;
				CLANG_ANALYZER_NONNULL = YES;
				CLANG_CXX_LANGUAGE_STANDARD = "gnu++0x";
				CLANG_CXX_LIBRARY = "libc++";
				CLANG_ENABLE_MODULES = YES;
				CLANG_ENABLE_OBJC_ARC = YES;
				CLANG_WARN_BLOCK_CAPTURE_AUTORELEASING = YES;
				CLANG_WARN_BOOL_CONVERSION = YES;
				CLANG_WARN_COMMA = YES;
				CLANG_WARN_CONSTANT_CONVERSION = YES;
				CLANG_WARN_DIRECT_OBJC_ISA_USAGE = YES_ERROR;
				CLANG_WARN_DOCUMENTATION_COMMENTS = YES;
				CLANG_WARN_EMPTY_BODY = YES;
				CLANG_WARN_ENUM_CONVERSION = YES;
				CLANG_WARN_INFINITE_RECURSION = YES;
				CLANG_WARN_INT_CONVERSION = YES;
				CLANG_WARN_NON_LITERAL_NULL_CONVERSION = YES;
				CLANG_WARN_OBJC_LITERAL_CONVERSION = YES;
				CLANG_WARN_OBJC_ROOT_CLASS = YES_ERROR;
				CLANG_WARN_RANGE_LOOP_ANALYSIS = YES;
				CLANG_WARN_STRICT_PROTOTYPES = YES;
				CLANG_WARN_SUSPICIOUS_MOVE = YES;
				CLANG_WARN_SUSPICIOUS_MOVES = YES;
				CLANG_WARN_UNREACHABLE_CODE = YES;
				CLANG_WARN__DUPLICATE_METHOD_MATCH = YES;
				CODE_SIGN_IDENTITY = "-";
				COPY_PHASE_STRIP = NO;
				DEBUG_INFORMATION_FORMAT = dwarf;
				ENABLE_STRICT_OBJC_MSGSEND = YES;
				ENABLE_TESTABILITY = YES;
				GCC_C_LANGUAGE_STANDARD = gnu99;
				GCC_DYNAMIC_NO_PIC = NO;
				GCC_NO_COMMON_BLOCKS = YES;
				GCC_OPTIMIZATION_LEVEL = 0;
				GCC_PREPROCESSOR_DEFINITIONS = (
					"DEBUG=1",
					"$(inherited)",
				);
				GCC_WARN_64_TO_32_BIT_CONVERSION = YES;
				GCC_WARN_ABOUT_RETURN_TYPE = YES_ERROR;
				GCC_WARN_UNDECLARED_SELECTOR = YES;
				GCC_WARN_UNINITIALIZED_AUTOS = YES_AGGRESSIVE;
				GCC_WARN_UNUSED_FUNCTION = YES;
				GCC_WARN_UNUSED_VARIABLE = YES;
				MACOSX_DEPLOYMENT_TARGET = 10.12;
				MTL_ENABLE_DEBUG_INFO = YES;
				ONLY_ACTIVE_ARCH = YES;
				OTHER_CPLUSPLUSFLAGS = "-I($PROJECT_DIR)/MIPS\\ Simulator";
				SDKROOT = macosx;
			};
			name = Debug;
		};
		98F6B6021F78119700E62775 /* Release */ = {
			isa = XCBuildConfiguration;
			buildSettings = {
				ALWAYS_SEARCH_USER_PATHS = NO;
				CLANG_ANALYZER_NONNULL = YES;
				CLANG_CXX_LANGUAGE_STANDARD = "gnu++0x";
				CLANG_CXX_LIBRARY = "libc++";
				CLANG_ENABLE_MODULES = YES;
				CLANG_ENABLE_OBJC_ARC = YES;
				CLANG_WARN_BLOCK_CAPTURE_AUTORELEASING = YES;
				CLANG_WARN_BOOL_CONVERSION = YES;
				CLANG_WARN_COMMA = YES;
				CLANG_WARN_CONSTANT_CONVERSION = YES;
				CLANG_WARN_DIRECT_OBJC_ISA_USAGE = YES_ERROR;
				CLANG_WARN_DOCUMENTATION_COMMENTS = YES;
				CLANG_WARN_EMPTY_BODY = YES;
				CLANG_WARN_ENUM_CONVERSION = YES;
				CLANG_WARN_INFINITE_RECURSION = YES;
				CLANG_WARN_INT_CONVERSION = YES;
				CLANG_WARN_NON_LITERAL_NULL_CONVERSION = YES;
				CLANG_WARN_OBJC_LITERAL_CONVERSION = YES;
				CLANG_WARN_OBJC_ROOT_CLASS = YES_ERROR;
				CLANG_WARN_RANGE_LOOP_ANALYSIS = YES;
				CLANG_WARN_STRICT_PROTOTYPES = YES;
				CLANG_WARN_SUSPICIOUS_MOVE = YES;
				CLANG_WARN_SUSPICIOUS_MOVES = YES;
				CLANG_WARN_UNREACHABLE_CODE = YES;
				CLANG_WARN__DUPLICATE_METHOD_MATCH = YES;
				CODE_SIGN_IDENTITY = "-";
				COPY_PHASE_STRIP = NO;
				DEBUG_INFORMATION_FORMAT = "dwarf-with-dsym";
				ENABLE_NS_ASSERTIONS = NO;
				ENABLE_STRICT_OBJC_MSGSEND = YES;
				GCC_C_LANGUAGE_STANDARD = gnu99;
				GCC_NO_COMMON_BLOCKS = YES;
				GCC_WARN_64_TO_32_BIT_CONVERSION = YES;
				GCC_WARN_ABOUT_RETURN_TYPE = YES_ERROR;
				GCC_WARN_UNDECLARED_SELECTOR = YES;
				GCC_WARN_UNINITIALIZED_AUTOS = YES_AGGRESSIVE;
				GCC_WARN_UNUSED_FUNCTION = YES;
				GCC_WARN_UNUSED_VARIABLE = YES;
				MACOSX_DEPLOYMENT_TARGET = 10.12;
				MTL_ENABLE_DEBUG_INFO = NO;
				OTHER_CPLUSPLUSFLAGS = "-I($PROJECT_DIR)/MIPS\\ Simulator";
				SDKROOT = macosx;
			};
			name = Release;
		};
		98F6B6041F78119700E62775 /* Debug */ = {
			isa = XCBuildConfiguration;
			buildSettings = {
				PRODUCT_NAME = "$(TARGET_NAME)";
			};
			name = Debug;
		};
		98F6B6051F78119700E62775 /* Release */ = {
			isa = XCBuildConfiguration;
			buildSettings = {
				PRODUCT_NAME = "$(TARGET_NAME)";
			};
			name = Release;
		};
/* End XCBuildConfiguration section */

/* Begin XCConfigurationList section */
		98F6B5F71F78119600E62775 /* Build configuration list for PBXProject "MIPS Simulator" */ = {
			isa = XCConfigurationList;
			buildConfigurations = (
				98F6B6011F78119700E62775 /* Debug */,
				98F6B6021F78119700E62775 /* Release */,
			);
			defaultConfigurationIsVisible = 0;
			defaultConfigurationName = Release;
		};
		98F6B6031F78119700E62775 /* Build configuration list for PBXNativeTarget "MIPS Simulator" */ = {
			isa = XCConfigurationList;
			buildConfigurations = (
				98F6B6041F78119700E62775 /* Debug */,
				98F6B6051F78119700E62775 /* Release */,
			);
			defaultConfigurationIsVisible = 0;
			defaultConfigurationName = Release;
		};
/* End XCConfigurationList section */
	};
	rootObject = 98F6B5F41F78119600E62775 /* Project object */;
}
